{
  "name": "@lxh-cli-dev/utils",
  "version": "1.0.4",
  "lockfileVersion": 2,
  "requires": true,
  "packages": {
    "": {
      "name": "@lxh-cli-dev/utils",
      "version": "1.0.4",
      "license": "ISC",
      "dependencies": {
        "cli-spinner": "^0.2.10"
      }
    },
    "node_modules/cli-spinner": {
      "version": "0.2.10",
      "resolved": "https://registry.npm.taobao.org/cli-spinner/download/cli-spinner-0.2.10.tgz",
      "integrity": "sha1-99YXo29cR6e8Y1PGl/yTOP94Kkc=",
      "engines": {
        "node": ">=0.10"
      }
    }
  },
  "dependencies": {
    "cli-spinner": {
      "version": "0.2.10",
      "resolved": "https://registry.npm.taobao.org/cli-spinner/download/cli-spinner-0.2.10.tgz",
      "integrity": "sha1-99YXo29cR6e8Y1PGl/yTOP94Kkc="
    }
  }
}
